{
  "version": 4,
  "terraform_version": "0.12.23",
  "serial": 1,
  "lineage": "2ff4427c-cf6b-953e-e900-90b728c5e0a5",
  "outputs": {},
  "resources": [
    {
      "mode": "managed",
      "type": "local_file",
      "name": "literature",
      "provider": "provider.local",
      "instances": [
        {
          "schema_version": 0,
          "attributes": {
            "content": "Sun Tzu said: The art of war is of vital importance to the State.\nIt is a matter of life and death, a road either to safety or to\nruin. Hence it is a subject of inquiry which can on no account be\nneglected.\n",
            "content_base64": null,
            "directory_permission": "0777",
            "file_permission": "0777",
            "filename": "art_of_war.txt",
            "id": "262612c6b5e2169d098751e409cfbd26d6715ba2",
            "sensitive_content": null
          },
          "private": "bnVsbA=="
        }
      ]
    }
  ]
}
